# This is a Gradle generated file for dependency locking.
# Manual edits can break the build and are not advised.
# This file is expected to be part of source control.
com.google.code.findbugs:annotations:2.0.3
com.google.guava:guava:20.0
com.googlecode.javaewah:JavaEWAH:0.7.9
com.io7m.xom:xom:1.2.10
com.jcraft:jsch:0.1.53
com.jhlabs:filters:2.0.235
com.novell.ldap:jldap:2009-10-07
com.optiva.orms:orms-framework:0.2.0-SNAPSHOT
com.optiva.orms:orms-service-bootloader:0.2.0-SNAPSHOT
com.optiva.orms:orms-template-deploy:0.2.0-SNAPSHOT
com.optiva.orms:orms-template-web:0.2.0-SNAPSHOT
com.optiva.orms:orms-tool-bench:0.2.0-SNAPSHOT
com.trilead:trilead-ssh2:1.0.0-build215
com.yahoo.platform.yui:yuicompressor:2.4.8
commons-beanutils:commons-beanutils-core:1.8.3
commons-codec:commons-codec:1.11
commons-collections:commons-collections:3.2.2
commons-configuration:commons-configuration:1.10
commons-fileupload:commons-fileupload:1.3.3
commons-httpclient:commons-httpclient:3.1
commons-io:commons-io:2.6
commons-lang:commons-lang:2.6
de.sciss:jsyntaxpane:1.0.0
javax.activation:activation:1.1
javax.mail:mail:1.4.7
jaxen:jaxen:1.1.6
jgraph:jgraph:5.13.0.0
jscheme:jscheme:7.2
junit:junit:4.12
microsoft:mssql-sqljdbc4:2.0
net.sourceforge.nekohtml:nekohtml:1.9.16
oracle:jdbc-stdext:2.0
oracle:jnettrace:1.0
oracle:ojdbc6:11.2.0.2.0
oracle:ons:11.2.0.2.0
oracle:ucp:11.2.0.2.0
org.apache-extras.beanshell:bsh:2.0b6
org.apache.httpcomponents:httpclient:4.1.3
org.apache.httpcomponents:httpcore:4.1.4
org.apache.tomcat.embed:tomcat-embed-core:7.0.88
org.apache.tomcat.embed:tomcat-embed-el:7.0.88
org.apache.tomcat.embed:tomcat-embed-jasper:7.0.88
org.apache.tomcat.embed:tomcat-embed-logging-juli:7.0.88
org.apache.tomcat:tomcat-annotations-api:7.0.88
org.apache.xmlgraphics:batik-anim:1.10
org.apache.xmlgraphics:batik-awt-util:1.10
org.apache.xmlgraphics:batik-bridge:1.10
org.apache.xmlgraphics:batik-codec:1.10
org.apache.xmlgraphics:batik-constants:1.10
org.apache.xmlgraphics:batik-css:1.10
org.apache.xmlgraphics:batik-dom:1.10
org.apache.xmlgraphics:batik-ext:1.10
org.apache.xmlgraphics:batik-gvt:1.10
org.apache.xmlgraphics:batik-i18n:1.10
org.apache.xmlgraphics:batik-parser:1.10
org.apache.xmlgraphics:batik-rasterizer:1.10
org.apache.xmlgraphics:batik-script:1.10
org.apache.xmlgraphics:batik-svg-dom:1.10
org.apache.xmlgraphics:batik-svggen:1.10
org.apache.xmlgraphics:batik-svgrasterizer:1.10
org.apache.xmlgraphics:batik-transcoder:1.10
org.apache.xmlgraphics:batik-util:1.10
org.apache.xmlgraphics:batik-xml:1.10
org.apache.xmlgraphics:xmlgraphics-commons:2.2
org.codehaus.groovy:groovy-all:2.4.15
org.codehaus.jackson:jackson-core-asl:1.9.13
org.codehaus.jackson:jackson-mapper-asl:1.9.13
org.codehaus.mojo:animal-sniffer-annotations:1.18
org.eclipse.jdt.core.compiler:ecj:4.4.2
org.eclipse.jgit:org.eclipse.jgit:4.5.4.201711221230-r
org.hamcrest:hamcrest-core:1.3
org.jdom:jdom:1.1
org.owasp.antisamy:antisamy:1.5.3
org.owasp.esapi:esapi:2.1.0.1
org.slf4j:jcl-over-slf4j:1.7.25
org.slf4j:log4j-over-slf4j:1.7.25
org.slf4j:slf4j-api:1.7.25
org.slf4j:slf4j-jdk14:1.7.25
org.swinglabs:swing-worker:1.1
org.swinglabs:swingx:1.6.1
redknee:javalobby-icons:2001.07.06.2
redknee:milonic-icons:1.0.2
redknee:redknee-images:1.4.0
rhino:js:1.7R2
westhawk:westhawk-snmp:6.1
xalan:serializer:2.7.2
xalan:xalan:2.7.2
xerces:xercesImpl:2.9.1
xml-apis:xml-apis-ext:1.3.04
xml-apis:xml-apis:1.3.04
